// !$*UTF8*$!
{
	archiveVersion = 1;
	classes = {
	};
	objectVersion = 46;
	objects = {

/* Begin PBXBuildFile section */
		C88E466F1676D3A60022A234 /* yellow.m in Sources */ = {isa = PBXBuildFile; fileRef = C88E466E1676D3A60022A234 /* yellow.m */; };
		C8E98CB316760CD000C7C7AA /* Foundation.framework in Frameworks */ = {isa = PBXBuildFile; fileRef = C8E98CB216760CD000C7C7AA /* Foundation.framework */; };
		C8E98CB616760CD000C7C7AA /* main.m in Sources */ = {isa = PBXBuildFile; fileRef = C8E98CB516760CD000C7C7AA /* main.m */; };
		C8E98CBA16760CD000C7C7AA /* decorate_pattern.1 in CopyFiles */ = {isa = PBXBuildFile; fileRef = C8E98CB916760CD000C7C7AA /* decorate_pattern.1 */; };
		C8EBB4871676CE820044EAC7 /* Dog.m in Sources */ = {isa = PBXBuildFile; fileRef = C8EBB4861676CE820044EAC7 /* Dog.m */; };
		C8EBB48A1676CF5D0044EAC7 /* one.m in Sources */ = {isa = PBXBuildFile; fileRef = C8EBB4891676CF5D0044EAC7 /* one.m */; };
		C8EBB48D1676D0020044EAC7 /* Two.m in Sources */ = {isa = PBXBuildFile; fileRef = C8EBB48C1676D0020044EAC7 /* Two.m */; };
		C8EBB4901676D04E0044EAC7 /* red.m in Sources */ = {isa = PBXBuildFile; fileRef = C8EBB48F1676D04D0044EAC7 /* red.m */; };
/* End PBXBuildFile section */

/* Begin PBXCopyFilesBuildPhase section */
		C8E98CAC16760CD000C7C7AA /* CopyFiles */ = {
			isa = PBXCopyFilesBuildPhase;
			buildActionMask = 2147483647;
			dstPath = /usr/share/man/man1/;
			dstSubfolderSpec = 0;
			files = (
				C8E98CBA16760CD000C7C7AA /* decorate_pattern.1 in CopyFiles */,
			);
			runOnlyForDeploymentPostprocessing = 1;
		};
/* End PBXCopyFilesBuildPhase section */

/* Begin PBXFileReference section */
		C88E466D1676D3A60022A234 /* yellow.h */ = {isa = PBXFileReference; fileEncoding = 4; lastKnownFileType = sourcecode.c.h; path = yellow.h; sourceTree = "<group>"; };
		C88E466E1676D3A60022A234 /* yellow.m */ = {isa = PBXFileReference; fileEncoding = 4; lastKnownFileType = sourcecode.c.objc; path = yellow.m; sourceTree = "<group>"; };
		C8E98CAE16760CD000C7C7AA /* decorate pattern */ = {isa = PBXFileReference; explicitFileType = "compiled.mach-o.executable"; includeInIndex = 0; path = "decorate pattern"; sourceTree = BUILT_PRODUCTS_DIR; };
		C8E98CB216760CD000C7C7AA /* Foundation.framework */ = {isa = PBXFileReference; lastKnownFileType = wrapper.framework; name = Foundation.framework; path = System/Library/Frameworks/Foundation.framework; sourceTree = SDKROOT; };
		C8E98CB516760CD000C7C7AA /* main.m */ = {isa = PBXFileReference; lastKnownFileType = sourcecode.c.objc; path = main.m; sourceTree = "<group>"; };
		C8E98CB816760CD000C7C7AA /* decorate pattern-Prefix.pch */ = {isa = PBXFileReference; lastKnownFileType = sourcecode.c.h; path = "decorate pattern-Prefix.pch"; sourceTree = "<group>"; };
		C8E98CB916760CD000C7C7AA /* decorate_pattern.1 */ = {isa = PBXFileReference; lastKnownFileType = text.man; path = decorate_pattern.1; sourceTree = "<group>"; };
		C8E98CC016760CE800C7C7AA /* README.md */ = {isa = PBXFileReference; fileEncoding = 4; lastKnownFileType = text; path = README.md; sourceTree = "<group>"; };
		C8EBB4851676CE820044EAC7 /* Dog.h */ = {isa = PBXFileReference; fileEncoding = 4; lastKnownFileType = sourcecode.c.h; path = Dog.h; sourceTree = "<group>"; };
		C8EBB4861676CE820044EAC7 /* Dog.m */ = {isa = PBXFileReference; fileEncoding = 4; lastKnownFileType = sourcecode.c.objc; path = Dog.m; sourceTree = "<group>"; };
		C8EBB4881676CF5D0044EAC7 /* one.h */ = {isa = PBXFileReference; fileEncoding = 4; lastKnownFileType = sourcecode.c.h; path = one.h; sourceTree = "<group>"; };
		C8EBB4891676CF5D0044EAC7 /* one.m */ = {isa = PBXFileReference; fileEncoding = 4; lastKnownFileType = sourcecode.c.objc; path = one.m; sourceTree = "<group>"; };
		C8EBB48B1676D0020044EAC7 /* Two.h */ = {isa = PBXFileReference; fileEncoding = 4; lastKnownFileType = sourcecode.c.h; path = Two.h; sourceTree = "<group>"; };
		C8EBB48C1676D0020044EAC7 /* Two.m */ = {isa = PBXFileReference; fileEncoding = 4; lastKnownFileType = sourcecode.c.objc; path = Two.m; sourceTree = "<group>"; };
		C8EBB48E1676D04D0044EAC7 /* red.h */ = {isa = PBXFileReference; fileEncoding = 4; lastKnownFileType = sourcecode.c.h; path = red.h; sourceTree = "<group>"; };
		C8EBB48F1676D04D0044EAC7 /* red.m */ = {isa = PBXFileReference; fileEncoding = 4; lastKnownFileType = sourcecode.c.objc; path = red.m; sourceTree = "<group>"; };
/* End PBXFileReference section */

/* Begin PBXFrameworksBuildPhase section */
		C8E98CAB16760CD000C7C7AA /* Frameworks */ = {
			isa = PBXFrameworksBuildPhase;
			buildActionMask = 2147483647;
			files = (
				C8E98CB316760CD000C7C7AA /* Foundation.framework in Frameworks */,
			);
			runOnlyForDeploymentPostprocessing = 0;
		};
/* End PBXFrameworksBuildPhase section */

/* Begin PBXGroup section */
		C8E98CA316760CD000C7C7AA = {
			isa = PBXGroup;
			children = (
				C8E98CC016760CE800C7C7AA /* README.md */,
				C8E98CB416760CD000C7C7AA /* decorate pattern */,
				C8E98CB116760CD000C7C7AA /* Frameworks */,
				C8E98CAF16760CD000C7C7AA /* Products */,
			);
			sourceTree = "<group>";
		};
		C8E98CAF16760CD000C7C7AA /* Products */ = {
			isa = PBXGroup;
			children = (
				C8E98CAE16760CD000C7C7AA /* decorate pattern */,
			);
			name = Products;
			sourceTree = "<group>";
		};
		C8E98CB116760CD000C7C7AA /* Frameworks */ = {
			isa = PBXGroup;
			children = (
				C8E98CB216760CD000C7C7AA /* Foundation.framework */,
			);
			name = Frameworks;
			sourceTree = "<group>";
		};
		C8E98CB416760CD000C7C7AA /* decorate pattern */ = {
			isa = PBXGroup;
			children = (
				C8E98CB516760CD000C7C7AA /* main.m */,
				C8E98CB916760CD000C7C7AA /* decorate_pattern.1 */,
				C8EBB48B1676D0020044EAC7 /* Two.h */,
				C8EBB48C1676D0020044EAC7 /* Two.m */,
				C8E98CB716760CD000C7C7AA /* Supporting Files */,
				C8EBB4851676CE820044EAC7 /* Dog.h */,
				C8EBB4861676CE820044EAC7 /* Dog.m */,
				C8EBB4881676CF5D0044EAC7 /* one.h */,
				C8EBB4891676CF5D0044EAC7 /* one.m */,
				C8EBB48E1676D04D0044EAC7 /* red.h */,
				C8EBB48F1676D04D0044EAC7 /* red.m */,
				C88E466D1676D3A60022A234 /* yellow.h */,
				C88E466E1676D3A60022A234 /* yellow.m */,
			);
			path = "decorate pattern";
			sourceTree = "<group>";
		};
		C8E98CB716760CD000C7C7AA /* Supporting Files */ = {
			isa = PBXGroup;
			children = (
				C8E98CB816760CD000C7C7AA /* decorate pattern-Prefix.pch */,
			);
			name = "Supporting Files";
			sourceTree = "<group>";
		};
/* End PBXGroup section */

/* Begin PBXNativeTarget section */
		C8E98CAD16760CD000C7C7AA /* decorate pattern */ = {
			isa = PBXNativeTarget;
			buildConfigurationList = C8E98CBD16760CD000C7C7AA /* Build configuration list for PBXNativeTarget "decorate pattern" */;
			buildPhases = (
				C8E98CAA16760CD000C7C7AA /* Sources */,
				C8E98CAB16760CD000C7C7AA /* Frameworks */,
				C8E98CAC16760CD000C7C7AA /* CopyFiles */,
			);
			buildRules = (
			);
			dependencies = (
			);
			name = "decorate pattern";
			productName = "decorate pattern";
			productReference = C8E98CAE16760CD000C7C7AA /* decorate pattern */;
			productType = "com.apple.product-type.tool";
		};
/* End PBXNativeTarget section */

/* Begin PBXProject section */
		C8E98CA516760CD000C7C7AA /* Project object */ = {
			isa = PBXProject;
			attributes = {
				LastUpgradeCheck = 0450;
				ORGANIZATIONNAME = gaoweiwei;
			};
			buildConfigurationList = C8E98CA816760CD000C7C7AA /* Build configuration list for PBXProject "decorate pattern" */;
			compatibilityVersion = "Xcode 3.2";
			developmentRegion = English;
			hasScannedForEncodings = 0;
			knownRegions = (
				en,
			);
			mainGroup = C8E98CA316760CD000C7C7AA;
			productRefGroup = C8E98CAF16760CD000C7C7AA /* Products */;
			projectDirPath = "";
			projectRoot = "";
			targets = (
				C8E98CAD16760CD000C7C7AA /* decorate pattern */,
			);
		};
/* End PBXProject section */

/* Begin PBXSourcesBuildPhase section */
		C8E98CAA16760CD000C7C7AA /* Sources */ = {
			isa = PBXSourcesBuildPhase;
			buildActionMask = 2147483647;
			files = (
				C8E98CB616760CD000C7C7AA /* main.m in Sources */,
				C8EBB4871676CE820044EAC7 /* Dog.m in Sources */,
				C8EBB48A1676CF5D0044EAC7 /* one.m in Sources */,
				C8EBB48D1676D0020044EAC7 /* Two.m in Sources */,
				C8EBB4901676D04E0044EAC7 /* red.m in Sources */,
				C88E466F1676D3A60022A234 /* yellow.m in Sources */,
			);
			runOnlyForDeploymentPostprocessing = 0;
		};
/* End PBXSourcesBuildPhase section */

/* Begin XCBuildConfiguration section */
		C8E98CBB16760CD000C7C7AA /* Debug */ = {
			isa = XCBuildConfiguration;
			buildSettings = {
				ALWAYS_SEARCH_USER_PATHS = NO;
				ARCHS = "$(ARCHS_STANDARD_64_BIT)";
				CLANG_CXX_LANGUAGE_STANDARD = "gnu++0x";
				CLANG_CXX_LIBRARY = "libc++";
				CLANG_WARN_EMPTY_BODY = YES;
				CLANG_WARN__DUPLICATE_METHOD_MATCH = YES;
				COPY_PHASE_STRIP = NO;
				GCC_C_LANGUAGE_STANDARD = gnu99;
				GCC_DYNAMIC_NO_PIC = NO;
				GCC_ENABLE_OBJC_EXCEPTIONS = YES;
				GCC_OPTIMIZATION_LEVEL = 0;
				GCC_PREPROCESSOR_DEFINITIONS = (
					"DEBUG=1",
					"$(inherited)",
				);
				GCC_SYMBOLS_PRIVATE_EXTERN = NO;
				GCC_WARN_64_TO_32_BIT_CONVERSION = YES;
				GCC_WARN_ABOUT_RETURN_TYPE = YES;
				GCC_WARN_UNINITIALIZED_AUTOS = YES;
				GCC_WARN_UNUSED_VARIABLE = YES;
				MACOSX_DEPLOYMENT_TARGET = 10.8;
				ONLY_ACTIVE_ARCH = YES;
				SDKROOT = macosx;
			};
			name = Debug;
		};
		C8E98CBC16760CD000C7C7AA /* Release */ = {
			isa = XCBuildConfiguration;
			buildSettings = {
				ALWAYS_SEARCH_USER_PATHS = NO;
				ARCHS = "$(ARCHS_STANDARD_64_BIT)";
				CLANG_CXX_LANGUAGE_STANDARD = "gnu++0x";
				CLANG_CXX_LIBRARY = "libc++";
				CLANG_WARN_EMPTY_BODY = YES;
				CLANG_WARN__DUPLICATE_METHOD_MATCH = YES;
				COPY_PHASE_STRIP = YES;
				DEBUG_INFORMATION_FORMAT = "dwarf-with-dsym";
				GCC_C_LANGUAGE_STANDARD = gnu99;
				GCC_ENABLE_OBJC_EXCEPTIONS = YES;
				GCC_WARN_64_TO_32_BIT_CONVERSION = YES;
				GCC_WARN_ABOUT_RETURN_TYPE = YES;
				GCC_WARN_UNINITIALIZED_AUTOS = YES;
				GCC_WARN_UNUSED_VARIABLE = YES;
				MACOSX_DEPLOYMENT_TARGET = 10.8;
				SDKROOT = macosx;
			};
			name = Release;
		};
		C8E98CBE16760CD000C7C7AA /* Debug */ = {
			isa = XCBuildConfiguration;
			buildSettings = {
				GCC_PRECOMPILE_PREFIX_HEADER = YES;
				GCC_PREFIX_HEADER = "decorate pattern/decorate pattern-Prefix.pch";
				PRODUCT_NAME = "$(TARGET_NAME)";
			};
			name = Debug;
		};
		C8E98CBF16760CD000C7C7AA /* Release */ = {
			isa = XCBuildConfiguration;
			buildSettings = {
				GCC_PRECOMPILE_PREFIX_HEADER = YES;
				GCC_PREFIX_HEADER = "decorate pattern/decorate pattern-Prefix.pch";
				PRODUCT_NAME = "$(TARGET_NAME)";
			};
			name = Release;
		};
/* End XCBuildConfiguration section */

/* Begin XCConfigurationList section */
		C8E98CA816760CD000C7C7AA /* Build configuration list for PBXProject "decorate pattern" */ = {
			isa = XCConfigurationList;
			buildConfigurations = (
				C8E98CBB16760CD000C7C7AA /* Debug */,
				C8E98CBC16760CD000C7C7AA /* Release */,
			);
			defaultConfigurationIsVisible = 0;
			defaultConfigurationName = Release;
		};
		C8E98CBD16760CD000C7C7AA /* Build configuration list for PBXNativeTarget "decorate pattern" */ = {
			isa = XCConfigurationList;
			buildConfigurations = (
				C8E98CBE16760CD000C7C7AA /* Debug */,
				C8E98CBF16760CD000C7C7AA /* Release */,
			);
			defaultConfigurationIsVisible = 0;
			defaultConfigurationName = Release;
		};
/* End XCConfigurationList section */
	};
	rootObject = C8E98CA516760CD000C7C7AA /* Project object */;
}
